
Microsoft Visual Studio Solution File, Format Version 12.00
# Visual Studio Version 16
VisualStudioVersion = 16.0.30907.101
MinimumVisualStudioVersion = 10.0.40219.1
Project("{FAE04EC0-301F-11D3-BF4B-00C04F79EFBC}") = "MCIT_Task", "MCIT_Task.csproj", "{A1ECDEA1-6093-4BCF-B133-7426B959D096}"
EndProject
Global
	GlobalSection(SolutionConfigurationPlatforms) = preSolution
		Debug|Any CPU = Debug|Any CPU
		Release|Any CPU = Release|Any CPU
	EndGlobalSection
	GlobalSection(ProjectConfigurationPlatforms) = postSolution
		{A1ECDEA1-6093-4BCF-B133-7426B959D096}.Debug|Any CPU.ActiveCfg = Debug|Any CPU
		{A1ECDEA1-6093-4BCF-B133-7426B959D096}.Debug|Any CPU.Build.0 = Debug|Any CPU
		{A1ECDEA1-6093-4BCF-B133-7426B959D096}.Release|Any CPU.ActiveCfg = Release|Any CPU
		{A1ECDEA1-6093-4BCF-B133-7426B959D096}.Release|Any CPU.Build.0 = Release|Any CPU
	EndGlobalSection
	GlobalSection(SolutionProperties) = preSolution
		HideSolutionNode = FALSE
	EndGlobalSection
	GlobalSection(ExtensibilityGlobals) = postSolution
		SolutionGuid = {106E978F-346E-4846-818B-E38E973FEB4D}
	EndGlobalSection
EndGlobal
